
Microsoft Visual Studio Solution File, Format Version 12.00
Project("{FAE04EC0-301F-11D3-BF4B-00C04F79EFBC}") = "testBuildEnv", "testBuildEnv\testBuildEnv.csproj", "{6C209820-6615-4990-BE53-89A8F6FFCF55}"
EndProject
Global
	GlobalSection(SolutionConfigurationPlatforms) = preSolution
		Debug|Any CPU = Debug|Any CPU
		Release|Any CPU = Release|Any CPU
	EndGlobalSection
	GlobalSection(ProjectConfigurationPlatforms) = postSolution
		{6C209820-6615-4990-BE53-89A8F6FFCF55}.Debug|Any CPU.ActiveCfg = Debug|Any CPU
		{6C209820-6615-4990-BE53-89A8F6FFCF55}.Debug|Any CPU.Build.0 = Debug|Any CPU
		{6C209820-6615-4990-BE53-89A8F6FFCF55}.Release|Any CPU.ActiveCfg = Release|Any CPU
		{6C209820-6615-4990-BE53-89A8F6FFCF55}.Release|Any CPU.Build.0 = Release|Any CPU
	EndGlobalSection
EndGlobal
